// !$*UTF8*$!
{
	archiveVersion = 1;
	classes = {
	};
	objectVersion = 50;
	objects = {

/* Begin PBXBuildFile section */
		19C1A7E6223A5FB700C6B848 /* AppDelegate.swift in Sources */ = {isa = PBXBuildFile; fileRef = 19C1A7E5223A5FB700C6B848 /* AppDelegate.swift */; };
		19C1A7EB223A5FB700C6B848 /* Main.storyboard in Resources */ = {isa = PBXBuildFile; fileRef = 19C1A7E9223A5FB700C6B848 /* Main.storyboard */; };
		19C1A7EE223A5FB700C6B848 /* digidentity2.xcdatamodeld in Sources */ = {isa = PBXBuildFile; fileRef = 19C1A7EC223A5FB700C6B848 /* digidentity2.xcdatamodeld */; };
		19C1A7F0223A5FBB00C6B848 /* Assets.xcassets in Resources */ = {isa = PBXBuildFile; fileRef = 19C1A7EF223A5FBB00C6B848 /* Assets.xcassets */; };
		19C1A7F3223A5FBB00C6B848 /* LaunchScreen.storyboard in Resources */ = {isa = PBXBuildFile; fileRef = 19C1A7F1223A5FBB00C6B848 /* LaunchScreen.storyboard */; };
		19C1A80C223A61A800C6B848 /* MainViewController.swift in Sources */ = {isa = PBXBuildFile; fileRef = 19C1A80B223A61A800C6B848 /* MainViewController.swift */; };
		19C1A80D223A61A800C6B848 /* MainViewController.swift in Sources */ = {isa = PBXBuildFile; fileRef = 19C1A80B223A61A800C6B848 /* MainViewController.swift */; };
		19C1A80F223A61F600C6B848 /* Persistence.swift in Sources */ = {isa = PBXBuildFile; fileRef = 19C1A80E223A61F600C6B848 /* Persistence.swift */; };
		19C1A810223A61F600C6B848 /* Persistence.swift in Sources */ = {isa = PBXBuildFile; fileRef = 19C1A80E223A61F600C6B848 /* Persistence.swift */; };
		19C1A813223A626500C6B848 /* Network.swift in Sources */ = {isa = PBXBuildFile; fileRef = 19C1A812223A626500C6B848 /* Network.swift */; };
		19C1A814223A626500C6B848 /* Network.swift in Sources */ = {isa = PBXBuildFile; fileRef = 19C1A812223A626500C6B848 /* Network.swift */; };
		19C1A817223A635000C6B848 /* URL.swift in Sources */ = {isa = PBXBuildFile; fileRef = 19C1A816223A635000C6B848 /* URL.swift */; };
		19C1A818223A635000C6B848 /* URL.swift in Sources */ = {isa = PBXBuildFile; fileRef = 19C1A816223A635000C6B848 /* URL.swift */; };
		19C1A81E223A652C00C6B848 /* certificate.crt in Resources */ = {isa = PBXBuildFile; fileRef = 19C1A81D223A652C00C6B848 /* certificate.crt */; };
		19C1A81F223A652C00C6B848 /* certificate.crt in Resources */ = {isa = PBXBuildFile; fileRef = 19C1A81D223A652C00C6B848 /* certificate.crt */; };
		19C1A821223A6D0F00C6B848 /* URLRequest.swift in Sources */ = {isa = PBXBuildFile; fileRef = 19C1A820223A6D0F00C6B848 /* URLRequest.swift */; };
		19C1A822223A6D0F00C6B848 /* URLRequest.swift in Sources */ = {isa = PBXBuildFile; fileRef = 19C1A820223A6D0F00C6B848 /* URLRequest.swift */; };
		19C1A826223A814800C6B848 /* Item+CoreDataClass.swift in Sources */ = {isa = PBXBuildFile; fileRef = 19C1A824223A814800C6B848 /* Item+CoreDataClass.swift */; };
		19C1A827223A814800C6B848 /* Item+CoreDataClass.swift in Sources */ = {isa = PBXBuildFile; fileRef = 19C1A824223A814800C6B848 /* Item+CoreDataClass.swift */; };
		19C1A828223A814800C6B848 /* Item+CoreDataProperties.swift in Sources */ = {isa = PBXBuildFile; fileRef = 19C1A825223A814800C6B848 /* Item+CoreDataProperties.swift */; };
		19C1A829223A814800C6B848 /* Item+CoreDataProperties.swift in Sources */ = {isa = PBXBuildFile; fileRef = 19C1A825223A814800C6B848 /* Item+CoreDataProperties.swift */; };
		19C1A82C223A817400C6B848 /* Item.swift in Sources */ = {isa = PBXBuildFile; fileRef = 19C1A82B223A817400C6B848 /* Item.swift */; };
		19C1A82D223A817400C6B848 /* Item.swift in Sources */ = {isa = PBXBuildFile; fileRef = 19C1A82B223A817400C6B848 /* Item.swift */; };
		19C1A830223A936700C6B848 /* ItemCell.swift in Sources */ = {isa = PBXBuildFile; fileRef = 19C1A82F223A936700C6B848 /* ItemCell.swift */; };
		19C1A831223A936700C6B848 /* ItemCell.swift in Sources */ = {isa = PBXBuildFile; fileRef = 19C1A82F223A936700C6B848 /* ItemCell.swift */; };
		19C1A8C8223CFFCB00C6B848 /* NetworkURLSession.swift in Sources */ = {isa = PBXBuildFile; fileRef = 19C1A8C7223CFFCB00C6B848 /* NetworkURLSession.swift */; };
		19C1A8C9223CFFCB00C6B848 /* NetworkURLSession.swift in Sources */ = {isa = PBXBuildFile; fileRef = 19C1A8C7223CFFCB00C6B848 /* NetworkURLSession.swift */; };
		19C1A8CB223CFFFE00C6B848 /* NetworkSessionProtocol.swift in Sources */ = {isa = PBXBuildFile; fileRef = 19C1A8CA223CFFFE00C6B848 /* NetworkSessionProtocol.swift */; };
		19C1A8CC223CFFFE00C6B848 /* NetworkSessionProtocol.swift in Sources */ = {isa = PBXBuildFile; fileRef = 19C1A8CA223CFFFE00C6B848 /* NetworkSessionProtocol.swift */; };
		19C1A8D1223D066400C6B848 /* NetworkTest.swift in Sources */ = {isa = PBXBuildFile; fileRef = 19C1A8D0223D066400C6B848 /* NetworkTest.swift */; };
		19C1A8D4223D06B200C6B848 /* MockNetworkURLSession.swift in Sources */ = {isa = PBXBuildFile; fileRef = 19C1A8D3223D06B200C6B848 /* MockNetworkURLSession.swift */; };
		19C1A8D5223D06B200C6B848 /* MockNetworkURLSession.swift in Sources */ = {isa = PBXBuildFile; fileRef = 19C1A8D3223D06B200C6B848 /* MockNetworkURLSession.swift */; };
		19C1A8D7223D0B0200C6B848 /* NetworkActivityProtocol.swift in Sources */ = {isa = PBXBuildFile; fileRef = 19C1A8D6223D0B0200C6B848 /* NetworkActivityProtocol.swift */; };
		19C1A8D8223D0B0200C6B848 /* NetworkActivityProtocol.swift in Sources */ = {isa = PBXBuildFile; fileRef = 19C1A8D6223D0B0200C6B848 /* NetworkActivityProtocol.swift */; };
		19C1A8DA223D0CA900C6B848 /* PersistenceProtocol.swift in Sources */ = {isa = PBXBuildFile; fileRef = 19C1A8D9223D0CA900C6B848 /* PersistenceProtocol.swift */; };
		19C1A8DB223D0CA900C6B848 /* PersistenceProtocol.swift in Sources */ = {isa = PBXBuildFile; fileRef = 19C1A8D9223D0CA900C6B848 /* PersistenceProtocol.swift */; };
		19C1A8DD223D10D800C6B848 /* TestItems.json in Resources */ = {isa = PBXBuildFile; fileRef = 19C1A8DC223D10D800C6B848 /* TestItems.json */; };
		19C1A8E0223D134800C6B848 /* MockPersistence.swift in Sources */ = {isa = PBXBuildFile; fileRef = 19C1A8DF223D134800C6B848 /* MockPersistence.swift */; };
		19C1A8E2223D1C1100C6B848 /* PersistenceTests.swift in Sources */ = {isa = PBXBuildFile; fileRef = 19C1A8E1223D1C1100C6B848 /* PersistenceTests.swift */; };
		19C1A8E5223D1D1F00C6B848 /* JSONLoader.swift in Sources */ = {isa = PBXBuildFile; fileRef = 19C1A8E4223D1D1F00C6B848 /* JSONLoader.swift */; };
		19C1A8E7223D1DDB00C6B848 /* JSONLoader.swift in Sources */ = {isa = PBXBuildFile; fileRef = 19C1A8E4223D1D1F00C6B848 /* JSONLoader.swift */; };
/* End PBXBuildFile section */

/* Begin PBXContainerItemProxy section */
		19C1A7FA223A5FBB00C6B848 /* PBXContainerItemProxy */ = {
			isa = PBXContainerItemProxy;
			containerPortal = 19C1A7DA223A5FB700C6B848 /* Project object */;
			proxyType = 1;
			remoteGlobalIDString = 19C1A7E1223A5FB700C6B848;
			remoteInfo = digidentity2;
		};
/* End PBXContainerItemProxy section */

/* Begin PBXFileReference section */
		19C1A7E2223A5FB700C6B848 /* digidentity2.app */ = {isa = PBXFileReference; explicitFileType = wrapper.application; includeInIndex = 0; path = digidentity2.app; sourceTree = BUILT_PRODUCTS_DIR; };
		19C1A7E5223A5FB700C6B848 /* AppDelegate.swift */ = {isa = PBXFileReference; lastKnownFileType = sourcecode.swift; path = AppDelegate.swift; sourceTree = "<group>"; };
		19C1A7EA223A5FB700C6B848 /* Base */ = {isa = PBXFileReference; lastKnownFileType = file.storyboard; name = Base; path = Base.lproj/Main.storyboard; sourceTree = "<group>"; };
		19C1A7ED223A5FB700C6B848 /* digidentity2.xcdatamodel */ = {isa = PBXFileReference; lastKnownFileType = wrapper.xcdatamodel; path = digidentity2.xcdatamodel; sourceTree = "<group>"; };
		19C1A7EF223A5FBB00C6B848 /* Assets.xcassets */ = {isa = PBXFileReference; lastKnownFileType = folder.assetcatalog; path = Assets.xcassets; sourceTree = "<group>"; };
		19C1A7F2223A5FBB00C6B848 /* Base */ = {isa = PBXFileReference; lastKnownFileType = file.storyboard; name = Base; path = Base.lproj/LaunchScreen.storyboard; sourceTree = "<group>"; };
		19C1A7F4223A5FBB00C6B848 /* Info.plist */ = {isa = PBXFileReference; lastKnownFileType = text.plist.xml; path = Info.plist; sourceTree = "<group>"; };
		19C1A7F9223A5FBB00C6B848 /* digidentity2Tests.xctest */ = {isa = PBXFileReference; explicitFileType = wrapper.cfbundle; includeInIndex = 0; path = digidentity2Tests.xctest; sourceTree = BUILT_PRODUCTS_DIR; };
		19C1A7FF223A5FBB00C6B848 /* Info.plist */ = {isa = PBXFileReference; lastKnownFileType = text.plist.xml; path = Info.plist; sourceTree = "<group>"; };
		19C1A80B223A61A800C6B848 /* MainViewController.swift */ = {isa = PBXFileReference; lastKnownFileType = sourcecode.swift; path = MainViewController.swift; sourceTree = "<group>"; };
		19C1A80E223A61F600C6B848 /* Persistence.swift */ = {isa = PBXFileReference; lastKnownFileType = sourcecode.swift; path = Persistence.swift; sourceTree = "<group>"; };
		19C1A812223A626500C6B848 /* Network.swift */ = {isa = PBXFileReference; lastKnownFileType = sourcecode.swift; path = Network.swift; sourceTree = "<group>"; };
		19C1A816223A635000C6B848 /* URL.swift */ = {isa = PBXFileReference; lastKnownFileType = sourcecode.swift; path = URL.swift; sourceTree = "<group>"; };
		19C1A81D223A652C00C6B848 /* certificate.crt */ = {isa = PBXFileReference; fileEncoding = 4; lastKnownFileType = text; path = certificate.crt; sourceTree = "<group>"; };
		19C1A820223A6D0F00C6B848 /* URLRequest.swift */ = {isa = PBXFileReference; lastKnownFileType = sourcecode.swift; path = URLRequest.swift; sourceTree = "<group>"; };
		19C1A824223A814800C6B848 /* Item+CoreDataClass.swift */ = {isa = PBXFileReference; lastKnownFileType = sourcecode.swift; path = "Item+CoreDataClass.swift"; sourceTree = "<group>"; };
		19C1A825223A814800C6B848 /* Item+CoreDataProperties.swift */ = {isa = PBXFileReference; lastKnownFileType = sourcecode.swift; path = "Item+CoreDataProperties.swift"; sourceTree = "<group>"; };
		19C1A82B223A817400C6B848 /* Item.swift */ = {isa = PBXFileReference; lastKnownFileType = sourcecode.swift; path = Item.swift; sourceTree = "<group>"; };
		19C1A82F223A936700C6B848 /* ItemCell.swift */ = {isa = PBXFileReference; lastKnownFileType = sourcecode.swift; path = ItemCell.swift; sourceTree = "<group>"; };
		19C1A8C7223CFFCB00C6B848 /* NetworkURLSession.swift */ = {isa = PBXFileReference; lastKnownFileType = sourcecode.swift; path = NetworkURLSession.swift; sourceTree = "<group>"; };
		19C1A8CA223CFFFE00C6B848 /* NetworkSessionProtocol.swift */ = {isa = PBXFileReference; lastKnownFileType = sourcecode.swift; path = NetworkSessionProtocol.swift; sourceTree = "<group>"; };
		19C1A8D0223D066400C6B848 /* NetworkTest.swift */ = {isa = PBXFileReference; lastKnownFileType = sourcecode.swift; path = NetworkTest.swift; sourceTree = "<group>"; };
		19C1A8D3223D06B200C6B848 /* MockNetworkURLSession.swift */ = {isa = PBXFileReference; lastKnownFileType = sourcecode.swift; path = MockNetworkURLSession.swift; sourceTree = "<group>"; };
		19C1A8D6223D0B0200C6B848 /* NetworkActivityProtocol.swift */ = {isa = PBXFileReference; lastKnownFileType = sourcecode.swift; path = NetworkActivityProtocol.swift; sourceTree = "<group>"; };
		19C1A8D9223D0CA900C6B848 /* PersistenceProtocol.swift */ = {isa = PBXFileReference; lastKnownFileType = sourcecode.swift; path = PersistenceProtocol.swift; sourceTree = "<group>"; };
		19C1A8DC223D10D800C6B848 /* TestItems.json */ = {isa = PBXFileReference; lastKnownFileType = text.json; path = TestItems.json; sourceTree = "<group>"; };
		19C1A8DF223D134800C6B848 /* MockPersistence.swift */ = {isa = PBXFileReference; lastKnownFileType = sourcecode.swift; path = MockPersistence.swift; sourceTree = "<group>"; };
		19C1A8E1223D1C1100C6B848 /* PersistenceTests.swift */ = {isa = PBXFileReference; lastKnownFileType = sourcecode.swift; path = PersistenceTests.swift; sourceTree = "<group>"; };
		19C1A8E4223D1D1F00C6B848 /* JSONLoader.swift */ = {isa = PBXFileReference; lastKnownFileType = sourcecode.swift; path = JSONLoader.swift; sourceTree = "<group>"; };
/* End PBXFileReference section */

/* Begin PBXFrameworksBuildPhase section */
		19C1A7DF223A5FB700C6B848 /* Frameworks */ = {
			isa = PBXFrameworksBuildPhase;
			buildActionMask = 2147483647;
			files = (
			);
			runOnlyForDeploymentPostprocessing = 0;
		};
		19C1A7F6223A5FBB00C6B848 /* Frameworks */ = {
			isa = PBXFrameworksBuildPhase;
			buildActionMask = 2147483647;
			files = (
			);
			runOnlyForDeploymentPostprocessing = 0;
		};
/* End PBXFrameworksBuildPhase section */

/* Begin PBXGroup section */
		19C1A7D9223A5FB700C6B848 = {
			isa = PBXGroup;
			children = (
				19C1A7E4223A5FB700C6B848 /* digidentity2 */,
				19C1A7FC223A5FBB00C6B848 /* digidentity2Tests */,
				19C1A7E3223A5FB700C6B848 /* Products */,
			);
			sourceTree = "<group>";
		};
		19C1A7E3223A5FB700C6B848 /* Products */ = {
			isa = PBXGroup;
			children = (
				19C1A7E2223A5FB700C6B848 /* digidentity2.app */,
				19C1A7F9223A5FBB00C6B848 /* digidentity2Tests.xctest */,
			);
			name = Products;
			sourceTree = "<group>";
		};
		19C1A7E4223A5FB700C6B848 /* digidentity2 */ = {
			isa = PBXGroup;
			children = (
				19C1A81C223A64FF00C6B848 /* Resources */,
				19C1A815223A634200C6B848 /* Extensions */,
				19C1A811223A624A00C6B848 /* Network */,
				19C1A80A223A614000C6B848 /* Application */,
				19C1A809223A613200C6B848 /* UI */,
				19C1A808223A612400C6B848 /* Core Data */,
			);
			path = digidentity2;
			sourceTree = "<group>";
		};
		19C1A7FC223A5FBB00C6B848 /* digidentity2Tests */ = {
			isa = PBXGroup;
			children = (
				19C1A8E3223D1CFF00C6B848 /* JSON */,
				19C1A8DE223D133300C6B848 /* Persistence */,
				19C1A7FF223A5FBB00C6B848 /* Info.plist */,
				19C1A8D2223D067400C6B848 /* Network */,
			);
			path = digidentity2Tests;
			sourceTree = "<group>";
		};
		19C1A808223A612400C6B848 /* Core Data */ = {
			isa = PBXGroup;
			children = (
				19C1A82A223A815500C6B848 /* Extensions */,
				19C1A823223A812D00C6B848 /* Generated */,
				19C1A7EC223A5FB700C6B848 /* digidentity2.xcdatamodeld */,
				19C1A80E223A61F600C6B848 /* Persistence.swift */,
				19C1A8D9223D0CA900C6B848 /* PersistenceProtocol.swift */,
			);
			name = "Core Data";
			sourceTree = "<group>";
		};
		19C1A809223A613200C6B848 /* UI */ = {
			isa = PBXGroup;
			children = (
				19C1A82E223A934300C6B848 /* Main */,
				19C1A7F1223A5FBB00C6B848 /* LaunchScreen.storyboard */,
				19C1A7E9223A5FB700C6B848 /* Main.storyboard */,
			);
			name = UI;
			sourceTree = "<group>";
		};
		19C1A80A223A614000C6B848 /* Application */ = {
			isa = PBXGroup;
			children = (
				19C1A7E5223A5FB700C6B848 /* AppDelegate.swift */,
				19C1A7F4223A5FBB00C6B848 /* Info.plist */,
			);
			name = Application;
			sourceTree = "<group>";
		};
		19C1A811223A624A00C6B848 /* Network */ = {
			isa = PBXGroup;
			children = (
				19C1A812223A626500C6B848 /* Network.swift */,
				19C1A8CA223CFFFE00C6B848 /* NetworkSessionProtocol.swift */,
				19C1A8C7223CFFCB00C6B848 /* NetworkURLSession.swift */,
				19C1A8D6223D0B0200C6B848 /* NetworkActivityProtocol.swift */,
			);
			name = Network;
			sourceTree = "<group>";
		};
		19C1A815223A634200C6B848 /* Extensions */ = {
			isa = PBXGroup;
			children = (
				19C1A816223A635000C6B848 /* URL.swift */,
				19C1A820223A6D0F00C6B848 /* URLRequest.swift */,
			);
			name = Extensions;
			sourceTree = "<group>";
		};
		19C1A81C223A64FF00C6B848 /* Resources */ = {
			isa = PBXGroup;
			children = (
				19C1A81D223A652C00C6B848 /* certificate.crt */,
				19C1A7EF223A5FBB00C6B848 /* Assets.xcassets */,
			);
			name = Resources;
			sourceTree = "<group>";
		};
		19C1A823223A812D00C6B848 /* Generated */ = {
			isa = PBXGroup;
			children = (
				19C1A824223A814800C6B848 /* Item+CoreDataClass.swift */,
				19C1A825223A814800C6B848 /* Item+CoreDataProperties.swift */,
			);
			name = Generated;
			sourceTree = "<group>";
		};
		19C1A82A223A815500C6B848 /* Extensions */ = {
			isa = PBXGroup;
			children = (
				19C1A82B223A817400C6B848 /* Item.swift */,
			);
			name = Extensions;
			sourceTree = "<group>";
		};
		19C1A82E223A934300C6B848 /* Main */ = {
			isa = PBXGroup;
			children = (
				19C1A80B223A61A800C6B848 /* MainViewController.swift */,
				19C1A82F223A936700C6B848 /* ItemCell.swift */,
			);
			name = Main;
			sourceTree = "<group>";
		};
		19C1A8D2223D067400C6B848 /* Network */ = {
			isa = PBXGroup;
			children = (
				19C1A8DF223D134800C6B848 /* MockPersistence.swift */,
				19C1A8D3223D06B200C6B848 /* MockNetworkURLSession.swift */,
				19C1A8D0223D066400C6B848 /* NetworkTest.swift */,
			);
			path = Network;
			sourceTree = "<group>";
		};
		19C1A8DE223D133300C6B848 /* Persistence */ = {
			isa = PBXGroup;
			children = (
				19C1A8E1223D1C1100C6B848 /* PersistenceTests.swift */,
			);
			path = Persistence;
			sourceTree = "<group>";
		};
		19C1A8E3223D1CFF00C6B848 /* JSON */ = {
			isa = PBXGroup;
			children = (
				19C1A8E4223D1D1F00C6B848 /* JSONLoader.swift */,
				19C1A8DC223D10D800C6B848 /* TestItems.json */,
			);
			path = JSON;
			sourceTree = "<group>";
		};
/* End PBXGroup section */

/* Begin PBXNativeTarget section */
		19C1A7E1223A5FB700C6B848 /* digidentity2 */ = {
			isa = PBXNativeTarget;
			buildConfigurationList = 19C1A802223A5FBB00C6B848 /* Build configuration list for PBXNativeTarget "digidentity2" */;
			buildPhases = (
				19C1A7DE223A5FB700C6B848 /* Sources */,
				19C1A7DF223A5FB700C6B848 /* Frameworks */,
				19C1A7E0223A5FB700C6B848 /* Resources */,
			);
			buildRules = (
			);
			dependencies = (
			);
			name = digidentity2;
			productName = digidentity2;
			productReference = 19C1A7E2223A5FB700C6B848 /* digidentity2.app */;
			productType = "com.apple.product-type.application";
		};
		19C1A7F8223A5FBB00C6B848 /* digidentity2Tests */ = {
			isa = PBXNativeTarget;
			buildConfigurationList = 19C1A805223A5FBB00C6B848 /* Build configuration list for PBXNativeTarget "digidentity2Tests" */;
			buildPhases = (
				19C1A7F5223A5FBB00C6B848 /* Sources */,
				19C1A7F6223A5FBB00C6B848 /* Frameworks */,
				19C1A7F7223A5FBB00C6B848 /* Resources */,
			);
			buildRules = (
			);
			dependencies = (
				19C1A7FB223A5FBB00C6B848 /* PBXTargetDependency */,
			);
			name = digidentity2Tests;
			productName = digidentity2Tests;
			productReference = 19C1A7F9223A5FBB00C6B848 /* digidentity2Tests.xctest */;
			productType = "com.apple.product-type.bundle.unit-test";
		};
/* End PBXNativeTarget section */

/* Begin PBXProject section */
		19C1A7DA223A5FB700C6B848 /* Project object */ = {
			isa = PBXProject;
			attributes = {
				LastSwiftUpdateCheck = 1010;
				LastUpgradeCheck = 1010;
				ORGANIZATIONNAME = Lovastyik;
				TargetAttributes = {
					19C1A7E1223A5FB700C6B848 = {
						CreatedOnToolsVersion = 10.1;
					};
					19C1A7F8223A5FBB00C6B848 = {
						CreatedOnToolsVersion = 10.1;
						TestTargetID = 19C1A7E1223A5FB700C6B848;
					};
				};
			};
			buildConfigurationList = 19C1A7DD223A5FB700C6B848 /* Build configuration list for PBXProject "digidentity2" */;
			compatibilityVersion = "Xcode 9.3";
			developmentRegion = en;
			hasScannedForEncodings = 0;
			knownRegions = (
				en,
				Base,
			);
			mainGroup = 19C1A7D9223A5FB700C6B848;
			productRefGroup = 19C1A7E3223A5FB700C6B848 /* Products */;
			projectDirPath = "";
			projectRoot = "";
			targets = (
				19C1A7E1223A5FB700C6B848 /* digidentity2 */,
				19C1A7F8223A5FBB00C6B848 /* digidentity2Tests */,
			);
		};
/* End PBXProject section */

/* Begin PBXResourcesBuildPhase section */
		19C1A7E0223A5FB700C6B848 /* Resources */ = {
			isa = PBXResourcesBuildPhase;
			buildActionMask = 2147483647;
			files = (
				19C1A7F3223A5FBB00C6B848 /* LaunchScreen.storyboard in Resources */,
				19C1A81E223A652C00C6B848 /* certificate.crt in Resources */,
				19C1A7F0223A5FBB00C6B848 /* Assets.xcassets in Resources */,
				19C1A7EB223A5FB700C6B848 /* Main.storyboard in Resources */,
			);
			runOnlyForDeploymentPostprocessing = 0;
		};
		19C1A7F7223A5FBB00C6B848 /* Resources */ = {
			isa = PBXResourcesBuildPhase;
			buildActionMask = 2147483647;
			files = (
				19C1A8DD223D10D800C6B848 /* TestItems.json in Resources */,
				19C1A81F223A652C00C6B848 /* certificate.crt in Resources */,
			);
			runOnlyForDeploymentPostprocessing = 0;
		};
/* End PBXResourcesBuildPhase section */

/* Begin PBXSourcesBuildPhase section */
		19C1A7DE223A5FB700C6B848 /* Sources */ = {
			isa = PBXSourcesBuildPhase;
			buildActionMask = 2147483647;
			files = (
				19C1A8CB223CFFFE00C6B848 /* NetworkSessionProtocol.swift in Sources */,
				19C1A82C223A817400C6B848 /* Item.swift in Sources */,
				19C1A813223A626500C6B848 /* Network.swift in Sources */,
				19C1A8D7223D0B0200C6B848 /* NetworkActivityProtocol.swift in Sources */,
				19C1A8D4223D06B200C6B848 /* MockNetworkURLSession.swift in Sources */,
				19C1A80C223A61A800C6B848 /* MainViewController.swift in Sources */,
				19C1A830223A936700C6B848 /* ItemCell.swift in Sources */,
				19C1A80F223A61F600C6B848 /* Persistence.swift in Sources */,
				19C1A7EE223A5FB700C6B848 /* digidentity2.xcdatamodeld in Sources */,
				19C1A8E7223D1DDB00C6B848 /* JSONLoader.swift in Sources */,
				19C1A7E6223A5FB700C6B848 /* AppDelegate.swift in Sources */,
				19C1A817223A635000C6B848 /* URL.swift in Sources */,
				19C1A8DA223D0CA900C6B848 /* PersistenceProtocol.swift in Sources */,
				19C1A828223A814800C6B848 /* Item+CoreDataProperties.swift in Sources */,
				19C1A8C8223CFFCB00C6B848 /* NetworkURLSession.swift in Sources */,
				19C1A826223A814800C6B848 /* Item+CoreDataClass.swift in Sources */,
				19C1A821223A6D0F00C6B848 /* URLRequest.swift in Sources */,
			);
			runOnlyForDeploymentPostprocessing = 0;
		};
		19C1A7F5223A5FBB00C6B848 /* Sources */ = {
			isa = PBXSourcesBuildPhase;
			buildActionMask = 2147483647;
			files = (
				19C1A8D1223D066400C6B848 /* NetworkTest.swift in Sources */,
				19C1A818223A635000C6B848 /* URL.swift in Sources */,
				19C1A8E5223D1D1F00C6B848 /* JSONLoader.swift in Sources */,
				19C1A8DB223D0CA900C6B848 /* PersistenceProtocol.swift in Sources */,
				19C1A82D223A817400C6B848 /* Item.swift in Sources */,
				19C1A810223A61F600C6B848 /* Persistence.swift in Sources */,
				19C1A829223A814800C6B848 /* Item+CoreDataProperties.swift in Sources */,
				19C1A831223A936700C6B848 /* ItemCell.swift in Sources */,
				19C1A814223A626500C6B848 /* Network.swift in Sources */,
				19C1A8D8223D0B0200C6B848 /* NetworkActivityProtocol.swift in Sources */,
				19C1A8CC223CFFFE00C6B848 /* NetworkSessionProtocol.swift in Sources */,
				19C1A8E2223D1C1100C6B848 /* PersistenceTests.swift in Sources */,
				19C1A8C9223CFFCB00C6B848 /* NetworkURLSession.swift in Sources */,
				19C1A822223A6D0F00C6B848 /* URLRequest.swift in Sources */,
				19C1A80D223A61A800C6B848 /* MainViewController.swift in Sources */,
				19C1A827223A814800C6B848 /* Item+CoreDataClass.swift in Sources */,
				19C1A8D5223D06B200C6B848 /* MockNetworkURLSession.swift in Sources */,
				19C1A8E0223D134800C6B848 /* MockPersistence.swift in Sources */,
			);
			runOnlyForDeploymentPostprocessing = 0;
		};
/* End PBXSourcesBuildPhase section */

/* Begin PBXTargetDependency section */
		19C1A7FB223A5FBB00C6B848 /* PBXTargetDependency */ = {
			isa = PBXTargetDependency;
			target = 19C1A7E1223A5FB700C6B848 /* digidentity2 */;
			targetProxy = 19C1A7FA223A5FBB00C6B848 /* PBXContainerItemProxy */;
		};
/* End PBXTargetDependency section */

/* Begin PBXVariantGroup section */
		19C1A7E9223A5FB700C6B848 /* Main.storyboard */ = {
			isa = PBXVariantGroup;
			children = (
				19C1A7EA223A5FB700C6B848 /* Base */,
			);
			name = Main.storyboard;
			sourceTree = "<group>";
		};
		19C1A7F1223A5FBB00C6B848 /* LaunchScreen.storyboard */ = {
			isa = PBXVariantGroup;
			children = (
				19C1A7F2223A5FBB00C6B848 /* Base */,
			);
			name = LaunchScreen.storyboard;
			sourceTree = "<group>";
		};
/* End PBXVariantGroup section */

/* Begin XCBuildConfiguration section */
		19C1A800223A5FBB00C6B848 /* Debug */ = {
			isa = XCBuildConfiguration;
			buildSettings = {
				ALWAYS_SEARCH_USER_PATHS = NO;
				CLANG_ANALYZER_NONNULL = YES;
				CLANG_ANALYZER_NUMBER_OBJECT_CONVERSION = YES_AGGRESSIVE;
				CLANG_CXX_LANGUAGE_STANDARD = "gnu++14";
				CLANG_CXX_LIBRARY = "libc++";
				CLANG_ENABLE_MODULES = YES;
				CLANG_ENABLE_OBJC_ARC = YES;
				CLANG_ENABLE_OBJC_WEAK = YES;
				CLANG_WARN_BLOCK_CAPTURE_AUTORELEASING = YES;
				CLANG_WARN_BOOL_CONVERSION = YES;
				CLANG_WARN_COMMA = YES;
				CLANG_WARN_CONSTANT_CONVERSION = YES;
				CLANG_WARN_DEPRECATED_OBJC_IMPLEMENTATIONS = YES;
				CLANG_WARN_DIRECT_OBJC_ISA_USAGE = YES_ERROR;
				CLANG_WARN_DOCUMENTATION_COMMENTS = YES;
				CLANG_WARN_EMPTY_BODY = YES;
				CLANG_WARN_ENUM_CONVERSION = YES;
				CLANG_WARN_INFINITE_RECURSION = YES;
				CLANG_WARN_INT_CONVERSION = YES;
				CLANG_WARN_NON_LITERAL_NULL_CONVERSION = YES;
				CLANG_WARN_OBJC_IMPLICIT_RETAIN_SELF = YES;
				CLANG_WARN_OBJC_LITERAL_CONVERSION = YES;
				CLANG_WARN_OBJC_ROOT_CLASS = YES_ERROR;
				CLANG_WARN_RANGE_LOOP_ANALYSIS = YES;
				CLANG_WARN_STRICT_PROTOTYPES = YES;
				CLANG_WARN_SUSPICIOUS_MOVE = YES;
				CLANG_WARN_UNGUARDED_AVAILABILITY = YES_AGGRESSIVE;
				CLANG_WARN_UNREACHABLE_CODE = YES;
				CLANG_WARN__DUPLICATE_METHOD_MATCH = YES;
				CODE_SIGN_IDENTITY = "iPhone Developer";
				COPY_PHASE_STRIP = NO;
				DEBUG_INFORMATION_FORMAT = dwarf;
				ENABLE_STRICT_OBJC_MSGSEND = YES;
				ENABLE_TESTABILITY = YES;
				GCC_C_LANGUAGE_STANDARD = gnu11;
				GCC_DYNAMIC_NO_PIC = NO;
				GCC_NO_COMMON_BLOCKS = YES;
				GCC_OPTIMIZATION_LEVEL = 0;
				GCC_PREPROCESSOR_DEFINITIONS = (
					"DEBUG=1",
					"$(inherited)",
				);
				GCC_WARN_64_TO_32_BIT_CONVERSION = YES;
				GCC_WARN_ABOUT_RETURN_TYPE = YES_ERROR;
				GCC_WARN_UNDECLARED_SELECTOR = YES;
				GCC_WARN_UNINITIALIZED_AUTOS = YES_AGGRESSIVE;
				GCC_WARN_UNUSED_FUNCTION = YES;
				GCC_WARN_UNUSED_VARIABLE = YES;
				IPHONEOS_DEPLOYMENT_TARGET = 12.1;
				MTL_ENABLE_DEBUG_INFO = INCLUDE_SOURCE;
				MTL_FAST_MATH = YES;
				ONLY_ACTIVE_ARCH = YES;
				SDKROOT = iphoneos;
				SWIFT_ACTIVE_COMPILATION_CONDITIONS = DEBUG;
				SWIFT_OPTIMIZATION_LEVEL = "-Onone";
			};
			name = Debug;
		};
		19C1A801223A5FBB00C6B848 /* Release */ = {
			isa = XCBuildConfiguration;
			buildSettings = {
				ALWAYS_SEARCH_USER_PATHS = NO;
				CLANG_ANALYZER_NONNULL = YES;
				CLANG_ANALYZER_NUMBER_OBJECT_CONVERSION = YES_AGGRESSIVE;
				CLANG_CXX_LANGUAGE_STANDARD = "gnu++14";
				CLANG_CXX_LIBRARY = "libc++";
				CLANG_ENABLE_MODULES = YES;
				CLANG_ENABLE_OBJC_ARC = YES;
				CLANG_ENABLE_OBJC_WEAK = YES;
				CLANG_WARN_BLOCK_CAPTURE_AUTORELEASING = YES;
				CLANG_WARN_BOOL_CONVERSION = YES;
				CLANG_WARN_COMMA = YES;
				CLANG_WARN_CONSTANT_CONVERSION = YES;
				CLANG_WARN_DEPRECATED_OBJC_IMPLEMENTATIONS = YES;
				CLANG_WARN_DIRECT_OBJC_ISA_USAGE = YES_ERROR;
				CLANG_WARN_DOCUMENTATION_COMMENTS = YES;
				CLANG_WARN_EMPTY_BODY = YES;
				CLANG_WARN_ENUM_CONVERSION = YES;
				CLANG_WARN_INFINITE_RECURSION = YES;
				CLANG_WARN_INT_CONVERSION = YES;
				CLANG_WARN_NON_LITERAL_NULL_CONVERSION = YES;
				CLANG_WARN_OBJC_IMPLICIT_RETAIN_SELF = YES;
				CLANG_WARN_OBJC_LITERAL_CONVERSION = YES;
				CLANG_WARN_OBJC_ROOT_CLASS = YES_ERROR;
				CLANG_WARN_RANGE_LOOP_ANALYSIS = YES;
				CLANG_WARN_STRICT_PROTOTYPES = YES;
				CLANG_WARN_SUSPICIOUS_MOVE = YES;
				CLANG_WARN_UNGUARDED_AVAILABILITY = YES_AGGRESSIVE;
				CLANG_WARN_UNREACHABLE_CODE = YES;
				CLANG_WARN__DUPLICATE_METHOD_MATCH = YES;
				CODE_SIGN_IDENTITY = "iPhone Developer";
				COPY_PHASE_STRIP = NO;
				DEBUG_INFORMATION_FORMAT = "dwarf-with-dsym";
				ENABLE_NS_ASSERTIONS = NO;
				ENABLE_STRICT_OBJC_MSGSEND = YES;
				GCC_C_LANGUAGE_STANDARD = gnu11;
				GCC_NO_COMMON_BLOCKS = YES;
				GCC_WARN_64_TO_32_BIT_CONVERSION = YES;
				GCC_WARN_ABOUT_RETURN_TYPE = YES_ERROR;
				GCC_WARN_UNDECLARED_SELECTOR = YES;
				GCC_WARN_UNINITIALIZED_AUTOS = YES_AGGRESSIVE;
				GCC_WARN_UNUSED_FUNCTION = YES;
				GCC_WARN_UNUSED_VARIABLE = YES;
				IPHONEOS_DEPLOYMENT_TARGET = 12.1;
				MTL_ENABLE_DEBUG_INFO = NO;
				MTL_FAST_MATH = YES;
				SDKROOT = iphoneos;
				SWIFT_COMPILATION_MODE = wholemodule;
				SWIFT_OPTIMIZATION_LEVEL = "-O";
				VALIDATE_PRODUCT = YES;
			};
			name = Release;
		};
		19C1A803223A5FBB00C6B848 /* Debug */ = {
			isa = XCBuildConfiguration;
			buildSettings = {
				ASSETCATALOG_COMPILER_APPICON_NAME = AppIcon;
				CODE_SIGN_STYLE = Automatic;
				DEVELOPMENT_TEAM = X37H2S679C;
				INFOPLIST_FILE = digidentity2/Info.plist;
				LD_RUNPATH_SEARCH_PATHS = (
					"$(inherited)",
					"@executable_path/Frameworks",
				);
				PRODUCT_BUNDLE_IDENTIFIER = hu.lovastyik.digidentity2;
				PRODUCT_NAME = "$(TARGET_NAME)";
				SWIFT_VERSION = 4.2;
				TARGETED_DEVICE_FAMILY = "1,2";
			};
			name = Debug;
		};
		19C1A804223A5FBB00C6B848 /* Release */ = {
			isa = XCBuildConfiguration;
			buildSettings = {
				ASSETCATALOG_COMPILER_APPICON_NAME = AppIcon;
				CODE_SIGN_STYLE = Automatic;
				DEVELOPMENT_TEAM = X37H2S679C;
				INFOPLIST_FILE = digidentity2/Info.plist;
				LD_RUNPATH_SEARCH_PATHS = (
					"$(inherited)",
					"@executable_path/Frameworks",
				);
				PRODUCT_BUNDLE_IDENTIFIER = hu.lovastyik.digidentity2;
				PRODUCT_NAME = "$(TARGET_NAME)";
				SWIFT_VERSION = 4.2;
				TARGETED_DEVICE_FAMILY = "1,2";
			};
			name = Release;
		};
		19C1A806223A5FBB00C6B848 /* Debug */ = {
			isa = XCBuildConfiguration;
			buildSettings = {
				ALWAYS_EMBED_SWIFT_STANDARD_LIBRARIES = YES;
				BUNDLE_LOADER = "$(TEST_HOST)";
				CODE_SIGN_STYLE = Automatic;
				DEVELOPMENT_TEAM = X37H2S679C;
				INFOPLIST_FILE = digidentity2Tests/Info.plist;
				LD_RUNPATH_SEARCH_PATHS = (
					"$(inherited)",
					"@executable_path/Frameworks",
					"@loader_path/Frameworks",
				);
				PRODUCT_BUNDLE_IDENTIFIER = hu.lovastyik.digidentity2Tests;
				PRODUCT_NAME = "$(TARGET_NAME)";
				SWIFT_VERSION = 4.2;
				TARGETED_DEVICE_FAMILY = "1,2";
				TEST_HOST = "$(BUILT_PRODUCTS_DIR)/digidentity2.app/digidentity2";
			};
			name = Debug;
		};
		19C1A807223A5FBB00C6B848 /* Release */ = {
			isa = XCBuildConfiguration;
			buildSettings = {
				ALWAYS_EMBED_SWIFT_STANDARD_LIBRARIES = YES;
				BUNDLE_LOADER = "$(TEST_HOST)";
				CODE_SIGN_STYLE = Automatic;
				DEVELOPMENT_TEAM = X37H2S679C;
				INFOPLIST_FILE = digidentity2Tests/Info.plist;
				LD_RUNPATH_SEARCH_PATHS = (
					"$(inherited)",
					"@executable_path/Frameworks",
					"@loader_path/Frameworks",
				);
				PRODUCT_BUNDLE_IDENTIFIER = hu.lovastyik.digidentity2Tests;
				PRODUCT_NAME = "$(TARGET_NAME)";
				SWIFT_VERSION = 4.2;
				TARGETED_DEVICE_FAMILY = "1,2";
				TEST_HOST = "$(BUILT_PRODUCTS_DIR)/digidentity2.app/digidentity2";
			};
			name = Release;
		};
/* End XCBuildConfiguration section */

/* Begin XCConfigurationList section */
		19C1A7DD223A5FB700C6B848 /* Build configuration list for PBXProject "digidentity2" */ = {
			isa = XCConfigurationList;
			buildConfigurations = (
				19C1A800223A5FBB00C6B848 /* Debug */,
				19C1A801223A5FBB00C6B848 /* Release */,
			);
			defaultConfigurationIsVisible = 0;
			defaultConfigurationName = Release;
		};
		19C1A802223A5FBB00C6B848 /* Build configuration list for PBXNativeTarget "digidentity2" */ = {
			isa = XCConfigurationList;
			buildConfigurations = (
				19C1A803223A5FBB00C6B848 /* Debug */,
				19C1A804223A5FBB00C6B848 /* Release */,
			);
			defaultConfigurationIsVisible = 0;
			defaultConfigurationName = Release;
		};
		19C1A805223A5FBB00C6B848 /* Build configuration list for PBXNativeTarget "digidentity2Tests" */ = {
			isa = XCConfigurationList;
			buildConfigurations = (
				19C1A806223A5FBB00C6B848 /* Debug */,
				19C1A807223A5FBB00C6B848 /* Release */,
			);
			defaultConfigurationIsVisible = 0;
			defaultConfigurationName = Release;
		};
/* End XCConfigurationList section */

/* Begin XCVersionGroup section */
		19C1A7EC223A5FB700C6B848 /* digidentity2.xcdatamodeld */ = {
			isa = XCVersionGroup;
			children = (
				19C1A7ED223A5FB700C6B848 /* digidentity2.xcdatamodel */,
			);
			currentVersion = 19C1A7ED223A5FB700C6B848 /* digidentity2.xcdatamodel */;
			path = digidentity2.xcdatamodeld;
			sourceTree = "<group>";
			versionGroupType = wrapper.xcdatamodel;
		};
/* End XCVersionGroup section */
	};
	rootObject = 19C1A7DA223A5FB700C6B848 /* Project object */;
}
